
Microsoft Visual Studio Solution File, Format Version 12.00
# Visual Studio Version 17
VisualStudioVersion = 17.11.35312.102
MinimumVisualStudioVersion = 10.0.40219.1
Project("{2150E333-8FDC-42A3-9474-1A3956D46DE8}") = "Task0", "Task0", "{92F72E84-2904-43BC-9C75-296BB518403E}"
EndProject
Project("{9A19103F-16F7-4668-BE54-9A1E7A4F7556}") = "Tyuiu.SchcapovMA.Sprint3.Task0.V5", "Tyuiu.SchcapovMA.Sprint3.Task0.V5\Tyuiu.SchcapovMA.Sprint3.Task0.V5.csproj", "{38E1047C-5F21-48D4-84CA-CC718373F5BA}"
EndProject
Project("{9A19103F-16F7-4668-BE54-9A1E7A4F7556}") = "Tyuiu.SchcapovMA.Sprint3.Task0.V5.Lib", "Tyuiu.SchcapovMA.Sprint3.Task0.V5.Lib\Tyuiu.SchcapovMA.Sprint3.Task0.V5.Lib.csproj", "{1CC84741-FAC4-4A0B-841B-C06DEC319350}"
EndProject
Project("{9A19103F-16F7-4668-BE54-9A1E7A4F7556}") = "Tyuiu.SchcapovMA.Sprint3.Task0.V5.Test", "Tyuiu.SchcapovMA.Sprint3.Task0.V5.Test\Tyuiu.SchcapovMA.Sprint3.Task0.V5.Test.csproj", "{753670C9-CFED-434A-8954-CF5783A63CB1}"
EndProject
Project("{2150E333-8FDC-42A3-9474-1A3956D46DE8}") = "Task1", "Task1", "{EE8AB7FD-21FD-4571-96E9-BD0212E0C61F}"
EndProject
Project("{9A19103F-16F7-4668-BE54-9A1E7A4F7556}") = "Tyuiu.SchcapovMA.Sprint3.Task1.V15", "Tyuiu.SchcapovMA.Sprint3.Task1.V15\Tyuiu.SchcapovMA.Sprint3.Task1.V15.csproj", "{9B2F2F28-39C0-4B78-9900-A462F4D292F5}"
EndProject
Project("{9A19103F-16F7-4668-BE54-9A1E7A4F7556}") = "Tyuiu.SchcapovMA.Sprint3.Task1.V15.Lib", "Tyuiu.SchcapovMA.Sprint3.Task1.V15.Lib\Tyuiu.SchcapovMA.Sprint3.Task1.V15.Lib.csproj", "{C60E9B58-45E4-41C4-8338-BFD1976671F3}"
EndProject
Project("{9A19103F-16F7-4668-BE54-9A1E7A4F7556}") = "Tyuiu.SchcapovMA.Sprint3.Task1.V15.Test", "Tyuiu.SchcapovMA.Sprint3.Task1.V15.Test\Tyuiu.SchcapovMA.Sprint3.Task1.V15.Test.csproj", "{5C2A472E-B3A7-4CFC-A0CA-8FD59E6FC598}"
EndProject
Project("{2150E333-8FDC-42A3-9474-1A3956D46DE8}") = "Task2", "Task2", "{27BE1625-7D2A-493D-A1C0-9FF483CB527C}"
EndProject
Project("{FAE04EC0-301F-11D3-BF4B-00C04F79EFBC}") = "Tyuiu.SchcapovMA.Sprint3.Task2.V2", "Tyuiu.SchcapovMA.Sprint3.Task2.V2\Tyuiu.SchcapovMA.Sprint3.Task2.V2.csproj", "{266A78D9-8B62-45A8-BE09-4D6E079D22E8}"
EndProject
Project("{FAE04EC0-301F-11D3-BF4B-00C04F79EFBC}") = "Tyuiu.SchcapovMA.Sprint3.Task2.V2.Lib", "Tyuiu.SchcapovMA.Sprint3.Task2.V2.Lib\Tyuiu.SchcapovMA.Sprint3.Task2.V2.Lib.csproj", "{CF686CE8-6700-4FAF-B74F-80F6312DF421}"
EndProject
Project("{FAE04EC0-301F-11D3-BF4B-00C04F79EFBC}") = "Tyuiu.SchcapovMA.Sprint3.Task2.V2.Test", "Tyuiu.SchcapovMA.Sprint3.Task2.V2.Test\Tyuiu.SchcapovMA.Sprint3.Task2.V2.Test.csproj", "{034F8276-C6E8-43C1-969B-A3DA2D4FAE4E}"
EndProject
Project("{2150E333-8FDC-42A3-9474-1A3956D46DE8}") = "Task3", "Task3", "{5A23D6AA-BCCD-4413-AFE6-B961B1EC42B0}"
EndProject
Project("{FAE04EC0-301F-11D3-BF4B-00C04F79EFBC}") = "Tyuiu.SchcapovMA.Sprint3.Task3.V14", "Tyuiu.SchcapovMA.Sprint3.Task3.V14\Tyuiu.SchcapovMA.Sprint3.Task3.V14.csproj", "{C6CEC6A1-8EA5-4A16-B16D-3603F44C1E9E}"
EndProject
Project("{FAE04EC0-301F-11D3-BF4B-00C04F79EFBC}") = "Tyuiu.SchcapovMA.Sprint3.Task3.V14.Lib", "Tyuiu.SchcapovMA.Sprint3.Task3.V14.Lib\Tyuiu.SchcapovMA.Sprint3.Task3.V14.Lib.csproj", "{9A38B5A3-5D86-4F0F-B711-AE5D3EC760C6}"
EndProject
Project("{FAE04EC0-301F-11D3-BF4B-00C04F79EFBC}") = "Tyuiu.SchcapovMA.Sprint3.Task3.V14.Test", "Tyuiu.SchcapovMA.Sprint3.Task3.V14.Test\Tyuiu.SchcapovMA.Sprint3.Task3.V14.Test.csproj", "{EDE510B6-E3C8-46A2-B743-422877D9BBC8}"
EndProject
Global
	GlobalSection(SolutionConfigurationPlatforms) = preSolution
		Debug|Any CPU = Debug|Any CPU
		Release|Any CPU = Release|Any CPU
	EndGlobalSection
	GlobalSection(ProjectConfigurationPlatforms) = postSolution
		{38E1047C-5F21-48D4-84CA-CC718373F5BA}.Debug|Any CPU.ActiveCfg = Debug|Any CPU
		{38E1047C-5F21-48D4-84CA-CC718373F5BA}.Debug|Any CPU.Build.0 = Debug|Any CPU
		{38E1047C-5F21-48D4-84CA-CC718373F5BA}.Release|Any CPU.ActiveCfg = Release|Any CPU
		{38E1047C-5F21-48D4-84CA-CC718373F5BA}.Release|Any CPU.Build.0 = Release|Any CPU
		{1CC84741-FAC4-4A0B-841B-C06DEC319350}.Debug|Any CPU.ActiveCfg = Debug|Any CPU
		{1CC84741-FAC4-4A0B-841B-C06DEC319350}.Debug|Any CPU.Build.0 = Debug|Any CPU
		{1CC84741-FAC4-4A0B-841B-C06DEC319350}.Release|Any CPU.ActiveCfg = Release|Any CPU
		{1CC84741-FAC4-4A0B-841B-C06DEC319350}.Release|Any CPU.Build.0 = Release|Any CPU
		{753670C9-CFED-434A-8954-CF5783A63CB1}.Debug|Any CPU.ActiveCfg = Debug|Any CPU
		{753670C9-CFED-434A-8954-CF5783A63CB1}.Debug|Any CPU.Build.0 = Debug|Any CPU
		{753670C9-CFED-434A-8954-CF5783A63CB1}.Release|Any CPU.ActiveCfg = Release|Any CPU
		{753670C9-CFED-434A-8954-CF5783A63CB1}.Release|Any CPU.Build.0 = Release|Any CPU
		{9B2F2F28-39C0-4B78-9900-A462F4D292F5}.Debug|Any CPU.ActiveCfg = Debug|Any CPU
		{9B2F2F28-39C0-4B78-9900-A462F4D292F5}.Debug|Any CPU.Build.0 = Debug|Any CPU
		{9B2F2F28-39C0-4B78-9900-A462F4D292F5}.Release|Any CPU.ActiveCfg = Release|Any CPU
		{9B2F2F28-39C0-4B78-9900-A462F4D292F5}.Release|Any CPU.Build.0 = Release|Any CPU
		{C60E9B58-45E4-41C4-8338-BFD1976671F3}.Debug|Any CPU.ActiveCfg = Debug|Any CPU
		{C60E9B58-45E4-41C4-8338-BFD1976671F3}.Debug|Any CPU.Build.0 = Debug|Any CPU
		{C60E9B58-45E4-41C4-8338-BFD1976671F3}.Release|Any CPU.ActiveCfg = Release|Any CPU
		{C60E9B58-45E4-41C4-8338-BFD1976671F3}.Release|Any CPU.Build.0 = Release|Any CPU
		{5C2A472E-B3A7-4CFC-A0CA-8FD59E6FC598}.Debug|Any CPU.ActiveCfg = Debug|Any CPU
		{5C2A472E-B3A7-4CFC-A0CA-8FD59E6FC598}.Debug|Any CPU.Build.0 = Debug|Any CPU
		{5C2A472E-B3A7-4CFC-A0CA-8FD59E6FC598}.Release|Any CPU.ActiveCfg = Release|Any CPU
		{5C2A472E-B3A7-4CFC-A0CA-8FD59E6FC598}.Release|Any CPU.Build.0 = Release|Any CPU
		{266A78D9-8B62-45A8-BE09-4D6E079D22E8}.Debug|Any CPU.ActiveCfg = Debug|Any CPU
		{266A78D9-8B62-45A8-BE09-4D6E079D22E8}.Debug|Any CPU.Build.0 = Debug|Any CPU
		{266A78D9-8B62-45A8-BE09-4D6E079D22E8}.Release|Any CPU.ActiveCfg = Release|Any CPU
		{266A78D9-8B62-45A8-BE09-4D6E079D22E8}.Release|Any CPU.Build.0 = Release|Any CPU
		{CF686CE8-6700-4FAF-B74F-80F6312DF421}.Debug|Any CPU.ActiveCfg = Debug|Any CPU
		{CF686CE8-6700-4FAF-B74F-80F6312DF421}.Debug|Any CPU.Build.0 = Debug|Any CPU
		{CF686CE8-6700-4FAF-B74F-80F6312DF421}.Release|Any CPU.ActiveCfg = Release|Any CPU
		{CF686CE8-6700-4FAF-B74F-80F6312DF421}.Release|Any CPU.Build.0 = Release|Any CPU
		{034F8276-C6E8-43C1-969B-A3DA2D4FAE4E}.Debug|Any CPU.ActiveCfg = Debug|Any CPU
		{034F8276-C6E8-43C1-969B-A3DA2D4FAE4E}.Debug|Any CPU.Build.0 = Debug|Any CPU
		{034F8276-C6E8-43C1-969B-A3DA2D4FAE4E}.Release|Any CPU.ActiveCfg = Release|Any CPU
		{034F8276-C6E8-43C1-969B-A3DA2D4FAE4E}.Release|Any CPU.Build.0 = Release|Any CPU
		{C6CEC6A1-8EA5-4A16-B16D-3603F44C1E9E}.Debug|Any CPU.ActiveCfg = Debug|Any CPU
		{C6CEC6A1-8EA5-4A16-B16D-3603F44C1E9E}.Debug|Any CPU.Build.0 = Debug|Any CPU
		{C6CEC6A1-8EA5-4A16-B16D-3603F44C1E9E}.Release|Any CPU.ActiveCfg = Release|Any CPU
		{C6CEC6A1-8EA5-4A16-B16D-3603F44C1E9E}.Release|Any CPU.Build.0 = Release|Any CPU
		{9A38B5A3-5D86-4F0F-B711-AE5D3EC760C6}.Debug|Any CPU.ActiveCfg = Debug|Any CPU
		{9A38B5A3-5D86-4F0F-B711-AE5D3EC760C6}.Debug|Any CPU.Build.0 = Debug|Any CPU
		{9A38B5A3-5D86-4F0F-B711-AE5D3EC760C6}.Release|Any CPU.ActiveCfg = Release|Any CPU
		{9A38B5A3-5D86-4F0F-B711-AE5D3EC760C6}.Release|Any CPU.Build.0 = Release|Any CPU
		{EDE510B6-E3C8-46A2-B743-422877D9BBC8}.Debug|Any CPU.ActiveCfg = Debug|Any CPU
		{EDE510B6-E3C8-46A2-B743-422877D9BBC8}.Debug|Any CPU.Build.0 = Debug|Any CPU
		{EDE510B6-E3C8-46A2-B743-422877D9BBC8}.Release|Any CPU.ActiveCfg = Release|Any CPU
		{EDE510B6-E3C8-46A2-B743-422877D9BBC8}.Release|Any CPU.Build.0 = Release|Any CPU
	EndGlobalSection
	GlobalSection(SolutionProperties) = preSolution
		HideSolutionNode = FALSE
	EndGlobalSection
	GlobalSection(NestedProjects) = preSolution
		{38E1047C-5F21-48D4-84CA-CC718373F5BA} = {92F72E84-2904-43BC-9C75-296BB518403E}
		{1CC84741-FAC4-4A0B-841B-C06DEC319350} = {92F72E84-2904-43BC-9C75-296BB518403E}
		{753670C9-CFED-434A-8954-CF5783A63CB1} = {92F72E84-2904-43BC-9C75-296BB518403E}
		{9B2F2F28-39C0-4B78-9900-A462F4D292F5} = {EE8AB7FD-21FD-4571-96E9-BD0212E0C61F}
		{C60E9B58-45E4-41C4-8338-BFD1976671F3} = {EE8AB7FD-21FD-4571-96E9-BD0212E0C61F}
		{5C2A472E-B3A7-4CFC-A0CA-8FD59E6FC598} = {EE8AB7FD-21FD-4571-96E9-BD0212E0C61F}
		{266A78D9-8B62-45A8-BE09-4D6E079D22E8} = {27BE1625-7D2A-493D-A1C0-9FF483CB527C}
		{CF686CE8-6700-4FAF-B74F-80F6312DF421} = {27BE1625-7D2A-493D-A1C0-9FF483CB527C}
		{034F8276-C6E8-43C1-969B-A3DA2D4FAE4E} = {27BE1625-7D2A-493D-A1C0-9FF483CB527C}
		{C6CEC6A1-8EA5-4A16-B16D-3603F44C1E9E} = {5A23D6AA-BCCD-4413-AFE6-B961B1EC42B0}
		{9A38B5A3-5D86-4F0F-B711-AE5D3EC760C6} = {5A23D6AA-BCCD-4413-AFE6-B961B1EC42B0}
		{EDE510B6-E3C8-46A2-B743-422877D9BBC8} = {5A23D6AA-BCCD-4413-AFE6-B961B1EC42B0}
	EndGlobalSection
	GlobalSection(ExtensibilityGlobals) = postSolution
		SolutionGuid = {677AF41F-CD7A-45F3-A6A5-A495102128CC}
	EndGlobalSection
EndGlobal
